
Microsoft Visual Studio Solution File, Format Version 12.00
# Visual Studio Version 17
VisualStudioVersion = 17.10.34818.151
MinimumVisualStudioVersion = 10.0.40219.1
Project("{FAE04EC0-301F-11D3-BF4B-00C04F79EFBC}") = "LinesCount", "LinesCount.csproj", "{5B373F11-D328-4374-A330-923F0C7627D9}"
EndProject
Global
	GlobalSection(SolutionConfigurationPlatforms) = preSolution
		Debug|Any CPU = Debug|Any CPU
		Release|Any CPU = Release|Any CPU
	EndGlobalSection
	GlobalSection(ProjectConfigurationPlatforms) = postSolution
		{5B373F11-D328-4374-A330-923F0C7627D9}.Debug|Any CPU.ActiveCfg = Debug|Any CPU
		{5B373F11-D328-4374-A330-923F0C7627D9}.Debug|Any CPU.Build.0 = Debug|Any CPU
		{5B373F11-D328-4374-A330-923F0C7627D9}.Release|Any CPU.ActiveCfg = Release|Any CPU
		{5B373F11-D328-4374-A330-923F0C7627D9}.Release|Any CPU.Build.0 = Release|Any CPU
	EndGlobalSection
	GlobalSection(SolutionProperties) = preSolution
		HideSolutionNode = FALSE
	EndGlobalSection
	GlobalSection(ExtensibilityGlobals) = postSolution
		SolutionGuid = {08B9A3BD-D0CB-462A-A469-387A23F97834}
	EndGlobalSection
EndGlobal
